
Microsoft Visual Studio Solution File, Format Version 12.00
# Visual Studio Version 17
VisualStudioVersion = 17.4.33205.214
MinimumVisualStudioVersion = 10.0.40219.1
Project("{8BC9CEB8-8B4A-11D0-8D11-00A0C91BC942}") = "Trolleybus", "Trolleybus\Trolleybus.vcxproj", "{BAA75566-9F9A-45DB-8D28-DC6F5A826AEB}"
EndProject
Global
	GlobalSection(SolutionConfigurationPlatforms) = preSolution
		Debug|x64 = Debug|x64
		Debug|x86 = Debug|x86
		Release|x64 = Release|x64
		Release|x86 = Release|x86
	EndGlobalSection
	GlobalSection(ProjectConfigurationPlatforms) = postSolution
		{BAA75566-9F9A-45DB-8D28-DC6F5A826AEB}.Debug|x64.ActiveCfg = Debug|x64
		{BAA75566-9F9A-45DB-8D28-DC6F5A826AEB}.Debug|x64.Build.0 = Debug|x64
		{BAA75566-9F9A-45DB-8D28-DC6F5A826AEB}.Debug|x86.ActiveCfg = Debug|Win32
		{BAA75566-9F9A-45DB-8D28-DC6F5A826AEB}.Debug|x86.Build.0 = Debug|Win32
		{BAA75566-9F9A-45DB-8D28-DC6F5A826AEB}.Release|x64.ActiveCfg = Release|x64
		{BAA75566-9F9A-45DB-8D28-DC6F5A826AEB}.Release|x64.Build.0 = Release|x64
		{BAA75566-9F9A-45DB-8D28-DC6F5A826AEB}.Release|x86.ActiveCfg = Release|Win32
		{BAA75566-9F9A-45DB-8D28-DC6F5A826AEB}.Release|x86.Build.0 = Release|Win32
	EndGlobalSection
	GlobalSection(SolutionProperties) = preSolution
		HideSolutionNode = FALSE
	EndGlobalSection
	GlobalSection(ExtensibilityGlobals) = postSolution
		SolutionGuid = {0E8407FF-8F74-44BC-811D-68B3A6EBA9A0}
	EndGlobalSection
EndGlobal
