<?xml version="1.0" encoding="utf-8"?>
<Project ToolsVersion="4.0" xmlns="http://schemas.microsoft.com/developer/msbuild/2003">
  <ItemGroup>
    <Filter Include="Source Files">
      <UniqueIdentifier>{4FC737F1-C7A5-4376-A066-2A32D752A2FF}</UniqueIdentifier>
      <Extensions>cpp;c;cc;cxx;c++;cppm;ixx;def;odl;idl;hpj;bat;asm;asmx</Extensions>
    </Filter>
    <Filter Include="Header Files">
      <UniqueIdentifier>{93995380-89BD-4b04-88EB-625FBE52EBFB}</UniqueIdentifier>
      <Extensions>h;hh;hpp;hxx;h++;hm;inl;inc;ipp;xsd</Extensions>
    </Filter>
    <Filter Include="Resource Files">
      <UniqueIdentifier>{67DA6AB6-F800-4c08-8B7A-83BB121AAD01}</UniqueIdentifier>
      <Extensions>rc;ico;cur;bmp;dlg;rc2;rct;bin;rgs;gif;jpg;jpeg;jpe;resx;tiff;tif;png;wav;mfcribbon-ms</Extensions>
    </Filter>
  </ItemGroup>
  <ItemGroup>
    <ClCompile Include="main.cpp">
      <Filter>Source Files</Filter>
    </ClCompile>
  </ItemGroup>
  <ItemGroup>
    <ClInclude Include="include\Window.h">
      <Filter>Header Files</Filter>
    </ClInclude>
    <ClInclude Include="include\Window.h">
      <Filter>Header Files</Filter>
    </ClInclude>
    <ClInclude Include="include\Controls.h">
      <Filter>Header Files</Filter>
    </ClInclude>
    <ClInclude Include="include\CompoundObects\Cottage.h">
      <Filter>Header Files</Filter>
    </ClInclude>
    <ClInclude Include="include\CompoundObects\CompoundObject.h">
      <Filter>Header Files</Filter>
    </ClInclude>
    <ClInclude Include="include\IDrawable.h">
      <Filter>Header Files</Filter>
    </ClInclude>
    <ClInclude Include="include\IPolytopeDrawable.h">
      <Filter>Header Files</Filter>
    </ClInclude>
    <ClInclude Include="include\BasePolytope.h">
      <Filter>Header Files</Filter>
    </ClInclude>
    <ClInclude Include="include\TexturedPolytope.h">
      <Filter>Header Files</Filter>
    </ClInclude>
    <ClInclude Include="include\CompoundObects\LivingRoom.h">
      <Filter>Header Files</Filter>
    </ClInclude>
    <ClInclude Include="include\model\Cube\TextureCube.h">
      <Filter>Header Files</Filter>
    </ClInclude>
    <ClInclude Include="include\model\Cube\Cube.h">
      <Filter>Header Files</Filter>
    </ClInclude>
    <ClInclude Include="include\PolytopeVerticesReader.h">
      <Filter>Header Files</Filter>
    </ClInclude>
    <ClInclude Include="include\PolytopeVertex.h">
      <Filter>Header Files</Filter>
    </ClInclude>
    <ClInclude Include="include\PolytopeTriangle.h">
      <Filter>Header Files</Filter>
    </ClInclude>
    <ClInclude Include="include\model\Pyramid\Pyramid.h">
      <Filter>Header Files</Filter>
    </ClInclude>
    <ClInclude Include="include\model\Pyramid\TexturedPyramid.h">
      <Filter>Header Files</Filter>
    </ClInclude>
    <ClInclude Include="include\CompoundObects\Grass.h">
      <Filter>Header Files</Filter>
    </ClInclude>
    <ClInclude Include="include\CompoundObects\Garage.h">
      <Filter>Header Files</Filter>
    </ClInclude>
    <ClInclude Include="include\CompoundObects\Fence.h">
      <Filter>Header Files</Filter>
    </ClInclude>
    <ClInclude Include="include\CompoundObects\Bedroom.h">
      <Filter>Header Files</Filter>
    </ClInclude>
    <ClInclude Include="include\CompoundObects\DiningRoom.h">
      <Filter>Header Files</Filter>
    </ClInclude>
  </ItemGroup>
  <ItemGroup>
    <None Include="res\shaders\Basic.shader" />
    <None Include="res\shaders\Skybox.shader" />
  </ItemGroup>
  <ItemGroup>
    <Image Include="include\model\assets\skybox\back.png">
      <Filter>Resource Files</Filter>
    </Image>
    <Image Include="include\model\assets\skybox\bottom.png">
      <Filter>Resource Files</Filter>
    </Image>
    <Image Include="include\model\assets\skybox\front.png">
      <Filter>Resource Files</Filter>
    </Image>
    <Image Include="include\model\assets\skybox\left.png">
      <Filter>Resource Files</Filter>
    </Image>
    <Image Include="include\model\assets\skybox\right.png">
      <Filter>Resource Files</Filter>
    </Image>
    <Image Include="include\model\assets\skybox\top.png">
      <Filter>Resource Files</Filter>
    </Image>
    <Image Include="include\model\assets\accentBrickwall.jpg">
      <Filter>Resource Files</Filter>
    </Image>
    <Image Include="include\model\assets\brickwall.jpg">
      <Filter>Resource Files</Filter>
    </Image>
    <Image Include="include\model\assets\door.jpg">
      <Filter>Resource Files</Filter>
    </Image>
    <Image Include="include\model\assets\fence.jpg">
      <Filter>Resource Files</Filter>
    </Image>
    <Image Include="include\model\assets\grass.jpg">
      <Filter>Resource Files</Filter>
    </Image>
    <Image Include="include\model\assets\roof.jpg">
      <Filter>Resource Files</Filter>
    </Image>
    <Image Include="include\model\assets\window.jpg">
      <Filter>Resource Files</Filter>
    </Image>
    <Image Include="include\model\assets\garageDoor.jpg">
      <Filter>Resource Files</Filter>
    </Image>
  </ItemGroup>
  <ItemGroup>
    <Text Include="include\model\assets\cube.txt" />
    <Text Include="include\model\assets\pyramid.txt" />
  </ItemGroup>
</Project>